// !$*UTF8*$!
{
	archiveVersion = 1;
	classes = {
	};
	objectVersion = 50;
	objects = {

/* Begin PBXBuildFile section */
		16D6FC1D239FEDCB002D7DB3 /* AppDelegate.swift in Sources */ = {isa = PBXBuildFile; fileRef = 16D6FC1C239FEDCB002D7DB3 /* AppDelegate.swift */; };
		16D6FC1F239FEDCB002D7DB3 /* SceneDelegate.swift in Sources */ = {isa = PBXBuildFile; fileRef = 16D6FC1E239FEDCB002D7DB3 /* SceneDelegate.swift */; };
		16D6FC21239FEDCB002D7DB3 /* ViewController.swift in Sources */ = {isa = PBXBuildFile; fileRef = 16D6FC20239FEDCB002D7DB3 /* ViewController.swift */; };
		16D6FC24239FEDCB002D7DB3 /* Main.storyboard in Resources */ = {isa = PBXBuildFile; fileRef = 16D6FC22239FEDCB002D7DB3 /* Main.storyboard */; };
		16D6FC26239FEDCE002D7DB3 /* Assets.xcassets in Resources */ = {isa = PBXBuildFile; fileRef = 16D6FC25239FEDCE002D7DB3 /* Assets.xcassets */; };
		16D6FC29239FEDCE002D7DB3 /* LaunchScreen.storyboard in Resources */ = {isa = PBXBuildFile; fileRef = 16D6FC27239FEDCE002D7DB3 /* LaunchScreen.storyboard */; };
/* End PBXBuildFile section */

/* Begin PBXFileReference section */
		16D6FC19239FEDCB002D7DB3 /* UIGestureRecognizers.app */ = {isa = PBXFileReference; explicitFileType = wrapper.application; includeInIndex = 0; path = UIGestureRecognizers.app; sourceTree = BUILT_PRODUCTS_DIR; };
		16D6FC1C239FEDCB002D7DB3 /* AppDelegate.swift */ = {isa = PBXFileReference; lastKnownFileType = sourcecode.swift; path = AppDelegate.swift; sourceTree = "<group>"; };
		16D6FC1E239FEDCB002D7DB3 /* SceneDelegate.swift */ = {isa = PBXFileReference; lastKnownFileType = sourcecode.swift; path = SceneDelegate.swift; sourceTree = "<group>"; };
		16D6FC20239FEDCB002D7DB3 /* ViewController.swift */ = {isa = PBXFileReference; lastKnownFileType = sourcecode.swift; path = ViewController.swift; sourceTree = "<group>"; };
		16D6FC23239FEDCB002D7DB3 /* Base */ = {isa = PBXFileReference; lastKnownFileType = file.storyboard; name = Base; path = Base.lproj/Main.storyboard; sourceTree = "<group>"; };
		16D6FC25239FEDCE002D7DB3 /* Assets.xcassets */ = {isa = PBXFileReference; lastKnownFileType = folder.assetcatalog; path = Assets.xcassets; sourceTree = "<group>"; };
		16D6FC28239FEDCE002D7DB3 /* Base */ = {isa = PBXFileReference; lastKnownFileType = file.storyboard; name = Base; path = Base.lproj/LaunchScreen.storyboard; sourceTree = "<group>"; };
		16D6FC2A239FEDCE002D7DB3 /* Info.plist */ = {isa = PBXFileReference; lastKnownFileType = text.plist.xml; path = Info.plist; sourceTree = "<group>"; };
/* End PBXFileReference section */

/* Begin PBXFrameworksBuildPhase section */
		16D6FC16239FEDCB002D7DB3 /* Frameworks */ = {
			isa = PBXFrameworksBuildPhase;
			buildActionMask = 2147483647;
			files = (
			);
			runOnlyForDeploymentPostprocessing = 0;
		};
/* End PBXFrameworksBuildPhase section */

/* Begin PBXGroup section */
		16D6FC10239FEDCB002D7DB3 = {
			isa = PBXGroup;
			children = (
				16D6FC1B239FEDCB002D7DB3 /* UIGestureRecognizers */,
				16D6FC1A239FEDCB002D7DB3 /* Products */,
			);
			sourceTree = "<group>";
		};
		16D6FC1A239FEDCB002D7DB3 /* Products */ = {
			isa = PBXGroup;
			children = (
				16D6FC19239FEDCB002D7DB3 /* UIGestureRecognizers.app */,
			);
			name = Products;
			sourceTree = "<group>";
		};
		16D6FC1B239FEDCB002D7DB3 /* UIGestureRecognizers */ = {
			isa = PBXGroup;
			children = (
				16D6FC1C239FEDCB002D7DB3 /* AppDelegate.swift */,
				16D6FC1E239FEDCB002D7DB3 /* SceneDelegate.swift */,
				16D6FC20239FEDCB002D7DB3 /* ViewController.swift */,
				16D6FC22239FEDCB002D7DB3 /* Main.storyboard */,
				16D6FC25239FEDCE002D7DB3 /* Assets.xcassets */,
				16D6FC27239FEDCE002D7DB3 /* LaunchScreen.storyboard */,
				16D6FC2A239FEDCE002D7DB3 /* Info.plist */,
			);
			path = UIGestureRecognizers;
			sourceTree = "<group>";
		};
/* End PBXGroup section */

/* Begin PBXNativeTarget section */
		16D6FC18239FEDCB002D7DB3 /* UIGestureRecognizers */ = {
			isa = PBXNativeTarget;
			buildConfigurationList = 16D6FC2D239FEDCE002D7DB3 /* Build configuration list for PBXNativeTarget "UIGestureRecognizers" */;
			buildPhases = (
				16D6FC15239FEDCB002D7DB3 /* Sources */,
				16D6FC16239FEDCB002D7DB3 /* Frameworks */,
				16D6FC17239FEDCB002D7DB3 /* Resources */,
			);
			buildRules = (
			);
			dependencies = (
			);
			name = UIGestureRecognizers;
			productName = UIGestureRecognizers;
			productReference = 16D6FC19239FEDCB002D7DB3 /* UIGestureRecognizers.app */;
			productType = "com.apple.product-type.application";
		};
/* End PBXNativeTarget section */

/* Begin PBXProject section */
		16D6FC11239FEDCB002D7DB3 /* Project object */ = {
			isa = PBXProject;
			attributes = {
				LastSwiftUpdateCheck = 1120;
				LastUpgradeCheck = 1120;
				ORGANIZATIONNAME = XDD;
				TargetAttributes = {
					16D6FC18239FEDCB002D7DB3 = {
						CreatedOnToolsVersion = 11.2.1;
					};
				};
			};
			buildConfigurationList = 16D6FC14239FEDCB002D7DB3 /* Build configuration list for PBXProject "UIGestureRecognizers" */;
			compatibilityVersion = "Xcode 9.3";
			developmentRegion = en;
			hasScannedForEncodings = 0;
			knownRegions = (
				en,
				Base,
			);
			mainGroup = 16D6FC10239FEDCB002D7DB3;
			productRefGroup = 16D6FC1A239FEDCB002D7DB3 /* Products */;
			projectDirPath = "";
			projectRoot = "";
			targets = (
				16D6FC18239FEDCB002D7DB3 /* UIGestureRecognizers */,
			);
		};
/* End PBXProject section */

/* Begin PBXResourcesBuildPhase section */
		16D6FC17239FEDCB002D7DB3 /* Resources */ = {
			isa = PBXResourcesBuildPhase;
			buildActionMask = 2147483647;
			files = (
				16D6FC29239FEDCE002D7DB3 /* LaunchScreen.storyboard in Resources */,
				16D6FC26239FEDCE002D7DB3 /* Assets.xcassets in Resources */,
				16D6FC24239FEDCB002D7DB3 /* Main.storyboard in Resources */,
			);
			runOnlyForDeploymentPostprocessing = 0;
		};
/* End PBXResourcesBuildPhase section */

/* Begin PBXSourcesBuildPhase section */
		16D6FC15239FEDCB002D7DB3 /* Sources */ = {
			isa = PBXSourcesBuildPhase;
			buildActionMask = 2147483647;
			files = (
				16D6FC21239FEDCB002D7DB3 /* ViewController.swift in Sources */,
				16D6FC1D239FEDCB002D7DB3 /* AppDelegate.swift in Sources */,
				16D6FC1F239FEDCB002D7DB3 /* SceneDelegate.swift in Sources */,
			);
			runOnlyForDeploymentPostprocessing = 0;
		};
/* End PBXSourcesBuildPhase section */

/* Begin PBXVariantGroup section */
		16D6FC22239FEDCB002D7DB3 /* Main.storyboard */ = {
			isa = PBXVariantGroup;
			children = (
				16D6FC23239FEDCB002D7DB3 /* Base */,
			);
			name = Main.storyboard;
			sourceTree = "<group>";
		};
		16D6FC27239FEDCE002D7DB3 /* LaunchScreen.storyboard */ = {
			isa = PBXVariantGroup;
			children = (
				16D6FC28239FEDCE002D7DB3 /* Base */,
			);
			name = LaunchScreen.storyboard;
			sourceTree = "<group>";
		};
/* End PBXVariantGroup section */

/* Begin XCBuildConfiguration section */
		16D6FC2B239FEDCE002D7DB3 /* Debug */ = {
			isa = XCBuildConfiguration;
			buildSettings = {
				ALWAYS_SEARCH_USER_PATHS = NO;
				CLANG_ANALYZER_NONNULL = YES;
				CLANG_ANALYZER_NUMBER_OBJECT_CONVERSION = YES_AGGRESSIVE;
				CLANG_CXX_LANGUAGE_STANDARD = "gnu++14";
				CLANG_CXX_LIBRARY = "libc++";
				CLANG_ENABLE_MODULES = YES;
				CLANG_ENABLE_OBJC_ARC = YES;
				CLANG_ENABLE_OBJC_WEAK = YES;
				CLANG_WARN_BLOCK_CAPTURE_AUTORELEASING = YES;
				CLANG_WARN_BOOL_CONVERSION = YES;
				CLANG_WARN_COMMA = YES;
				CLANG_WARN_CONSTANT_CONVERSION = YES;
				CLANG_WARN_DEPRECATED_OBJC_IMPLEMENTATIONS = YES;
				CLANG_WARN_DIRECT_OBJC_ISA_USAGE = YES_ERROR;
				CLANG_WARN_DOCUMENTATION_COMMENTS = YES;
				CLANG_WARN_EMPTY_BODY = YES;
				CLANG_WARN_ENUM_CONVERSION = YES;
				CLANG_WARN_INFINITE_RECURSION = YES;
				CLANG_WARN_INT_CONVERSION = YES;
				CLANG_WARN_NON_LITERAL_NULL_CONVERSION = YES;
				CLANG_WARN_OBJC_IMPLICIT_RETAIN_SELF = YES;
				CLANG_WARN_OBJC_LITERAL_CONVERSION = YES;
				CLANG_WARN_OBJC_ROOT_CLASS = YES_ERROR;
				CLANG_WARN_RANGE_LOOP_ANALYSIS = YES;
				CLANG_WARN_STRICT_PROTOTYPES = YES;
				CLANG_WARN_SUSPICIOUS_MOVE = YES;
				CLANG_WARN_UNGUARDED_AVAILABILITY = YES_AGGRESSIVE;
				CLANG_WARN_UNREACHABLE_CODE = YES;
				CLANG_WARN__DUPLICATE_METHOD_MATCH = YES;
				COPY_PHASE_STRIP = NO;
				DEBUG_INFORMATION_FORMAT = dwarf;
				ENABLE_STRICT_OBJC_MSGSEND = YES;
				ENABLE_TESTABILITY = YES;
				GCC_C_LANGUAGE_STANDARD = gnu11;
				GCC_DYNAMIC_NO_PIC = NO;
				GCC_NO_COMMON_BLOCKS = YES;
				GCC_OPTIMIZATION_LEVEL = 0;
				GCC_PREPROCESSOR_DEFINITIONS = (
					"DEBUG=1",
					"$(inherited)",
				);
				GCC_WARN_64_TO_32_BIT_CONVERSION = YES;
				GCC_WARN_ABOUT_RETURN_TYPE = YES_ERROR;
				GCC_WARN_UNDECLARED_SELECTOR = YES;
				GCC_WARN_UNINITIALIZED_AUTOS = YES_AGGRESSIVE;
				GCC_WARN_UNUSED_FUNCTION = YES;
				GCC_WARN_UNUSED_VARIABLE = YES;
				IPHONEOS_DEPLOYMENT_TARGET = 13.2;
				MTL_ENABLE_DEBUG_INFO = INCLUDE_SOURCE;
				MTL_FAST_MATH = YES;
				ONLY_ACTIVE_ARCH = YES;
				SDKROOT = iphoneos;
				SWIFT_ACTIVE_COMPILATION_CONDITIONS = DEBUG;
				SWIFT_OPTIMIZATION_LEVEL = "-Onone";
			};
			name = Debug;
		};
		16D6FC2C239FEDCE002D7DB3 /* Release */ = {
			isa = XCBuildConfiguration;
			buildSettings = {
				ALWAYS_SEARCH_USER_PATHS = NO;
				CLANG_ANALYZER_NONNULL = YES;
				CLANG_ANALYZER_NUMBER_OBJECT_CONVERSION = YES_AGGRESSIVE;
				CLANG_CXX_LANGUAGE_STANDARD = "gnu++14";
				CLANG_CXX_LIBRARY = "libc++";
				CLANG_ENABLE_MODULES = YES;
				CLANG_ENABLE_OBJC_ARC = YES;
				CLANG_ENABLE_OBJC_WEAK = YES;
				CLANG_WARN_BLOCK_CAPTURE_AUTORELEASING = YES;
				CLANG_WARN_BOOL_CONVERSION = YES;
				CLANG_WARN_COMMA = YES;
				CLANG_WARN_CONSTANT_CONVERSION = YES;
				CLANG_WARN_DEPRECATED_OBJC_IMPLEMENTATIONS = YES;
				CLANG_WARN_DIRECT_OBJC_ISA_USAGE = YES_ERROR;
				CLANG_WARN_DOCUMENTATION_COMMENTS = YES;
				CLANG_WARN_EMPTY_BODY = YES;
				CLANG_WARN_ENUM_CONVERSION = YES;
				CLANG_WARN_INFINITE_RECURSION = YES;
				CLANG_WARN_INT_CONVERSION = YES;
				CLANG_WARN_NON_LITERAL_NULL_CONVERSION = YES;
				CLANG_WARN_OBJC_IMPLICIT_RETAIN_SELF = YES;
				CLANG_WARN_OBJC_LITERAL_CONVERSION = YES;
				CLANG_WARN_OBJC_ROOT_CLASS = YES_ERROR;
				CLANG_WARN_RANGE_LOOP_ANALYSIS = YES;
				CLANG_WARN_STRICT_PROTOTYPES = YES;
				CLANG_WARN_SUSPICIOUS_MOVE = YES;
				CLANG_WARN_UNGUARDED_AVAILABILITY = YES_AGGRESSIVE;
				CLANG_WARN_UNREACHABLE_CODE = YES;
				CLANG_WARN__DUPLICATE_METHOD_MATCH = YES;
				COPY_PHASE_STRIP = NO;
				DEBUG_INFORMATION_FORMAT = "dwarf-with-dsym";
				ENABLE_NS_ASSERTIONS = NO;
				ENABLE_STRICT_OBJC_MSGSEND = YES;
				GCC_C_LANGUAGE_STANDARD = gnu11;
				GCC_NO_COMMON_BLOCKS = YES;
				GCC_WARN_64_TO_32_BIT_CONVERSION = YES;
				GCC_WARN_ABOUT_RETURN_TYPE = YES_ERROR;
				GCC_WARN_UNDECLARED_SELECTOR = YES;
				GCC_WARN_UNINITIALIZED_AUTOS = YES_AGGRESSIVE;
				GCC_WARN_UNUSED_FUNCTION = YES;
				GCC_WARN_UNUSED_VARIABLE = YES;
				IPHONEOS_DEPLOYMENT_TARGET = 13.2;
				MTL_ENABLE_DEBUG_INFO = NO;
				MTL_FAST_MATH = YES;
				SDKROOT = iphoneos;
				SWIFT_COMPILATION_MODE = wholemodule;
				SWIFT_OPTIMIZATION_LEVEL = "-O";
				VALIDATE_PRODUCT = YES;
			};
			name = Release;
		};
		16D6FC2E239FEDCE002D7DB3 /* Debug */ = {
			isa = XCBuildConfiguration;
			buildSettings = {
				ASSETCATALOG_COMPILER_APPICON_NAME = AppIcon;
				CODE_SIGN_STYLE = Automatic;
				INFOPLIST_FILE = UIGestureRecognizers/Info.plist;
				LD_RUNPATH_SEARCH_PATHS = (
					"$(inherited)",
					"@executable_path/Frameworks",
				);
				PRODUCT_BUNDLE_IDENTIFIER = ssg.UIGestureRecognizers;
				PRODUCT_NAME = "$(TARGET_NAME)";
				SWIFT_VERSION = 5.0;
				TARGETED_DEVICE_FAMILY = "1,2";
			};
			name = Debug;
		};
		16D6FC2F239FEDCE002D7DB3 /* Release */ = {
			isa = XCBuildConfiguration;
			buildSettings = {
				ASSETCATALOG_COMPILER_APPICON_NAME = AppIcon;
				CODE_SIGN_STYLE = Automatic;
				INFOPLIST_FILE = UIGestureRecognizers/Info.plist;
				LD_RUNPATH_SEARCH_PATHS = (
					"$(inherited)",
					"@executable_path/Frameworks",
				);
				PRODUCT_BUNDLE_IDENTIFIER = ssg.UIGestureRecognizers;
				PRODUCT_NAME = "$(TARGET_NAME)";
				SWIFT_VERSION = 5.0;
				TARGETED_DEVICE_FAMILY = "1,2";
			};
			name = Release;
		};
/* End XCBuildConfiguration section */

/* Begin XCConfigurationList section */
		16D6FC14239FEDCB002D7DB3 /* Build configuration list for PBXProject "UIGestureRecognizers" */ = {
			isa = XCConfigurationList;
			buildConfigurations = (
				16D6FC2B239FEDCE002D7DB3 /* Debug */,
				16D6FC2C239FEDCE002D7DB3 /* Release */,
			);
			defaultConfigurationIsVisible = 0;
			defaultConfigurationName = Release;
		};
		16D6FC2D239FEDCE002D7DB3 /* Build configuration list for PBXNativeTarget "UIGestureRecognizers" */ = {
			isa = XCConfigurationList;
			buildConfigurations = (
				16D6FC2E239FEDCE002D7DB3 /* Debug */,
				16D6FC2F239FEDCE002D7DB3 /* Release */,
			);
			defaultConfigurationIsVisible = 0;
			defaultConfigurationName = Release;
		};
/* End XCConfigurationList section */
	};
	rootObject = 16D6FC11239FEDCB002D7DB3 /* Project object */;
}
